PODS:
  - KidozSDK (9.0.0)

DEPENDENCIES:
  - KidozSDK (from `https://github.com/Kidoz-SDK/kidoz-ios-frameworks/raw/main/KidozSDK/KidozSDK.podspec`)

EXTERNAL SOURCES:
  KidozSDK:
    :podspec: https://github.com/Kidoz-SDK/kidoz-ios-frameworks/raw/main/KidozSDK/KidozSDK.podspec

SPEC CHECKSUMS:
  KidozSDK: 4c2616a747b78d467221b5d1ded432d8d3ca3761

PODFILE CHECKSUM: 65c2d56cc17d3fcd1b77e9e62fb3d25c1a5c86da

COCOAPODS: 1.12.1
